
Microsoft Visual Studio Solution File, Format Version 12.00
# Visual Studio Version 17
VisualStudioVersion = 17.2.32602.215
MinimumVisualStudioVersion = 10.0.40219.1
Project("{FAE04EC0-301F-11D3-BF4B-00C04F79EFBC}") = "Base64Helper.ConsoleApp", "Base64Helper.ConsoleApp\Base64Helper.ConsoleApp.csproj", "{9BF34B83-19ED-41D0-B260-2B0367780325}"
EndProject
Global
	GlobalSection(SolutionConfigurationPlatforms) = preSolution
		Debug|Any CPU = Debug|Any CPU
		Release|Any CPU = Release|Any CPU
	EndGlobalSection
	GlobalSection(ProjectConfigurationPlatforms) = postSolution
		{9BF34B83-19ED-41D0-B260-2B0367780325}.Debug|Any CPU.ActiveCfg = Debug|Any CPU
		{9BF34B83-19ED-41D0-B260-2B0367780325}.Debug|Any CPU.Build.0 = Debug|Any CPU
		{9BF34B83-19ED-41D0-B260-2B0367780325}.Release|Any CPU.ActiveCfg = Release|Any CPU
		{9BF34B83-19ED-41D0-B260-2B0367780325}.Release|Any CPU.Build.0 = Release|Any CPU
	EndGlobalSection
	GlobalSection(SolutionProperties) = preSolution
		HideSolutionNode = FALSE
	EndGlobalSection
	GlobalSection(ExtensibilityGlobals) = postSolution
		SolutionGuid = {ED0E3E98-0D5E-4AF1-8674-0B7AEC9FA44D}
	EndGlobalSection
EndGlobal
